
Microsoft Visual Studio Solution File, Format Version 12.00
# Visual Studio Version 16
VisualStudioVersion = 16.0.30104.148
MinimumVisualStudioVersion = 10.0.40219.1
Project("{FAE04EC0-301F-11D3-BF4B-00C04F79EFBC}") = "Campaignr.Web", "Campaignr.Web\Campaignr.Web.csproj", "{F186AFA9-98AB-4320-988E-B664134FFBBE}"
EndProject
Project("{FAE04EC0-301F-11D3-BF4B-00C04F79EFBC}") = "Campaignr.Core", "Campaignr.Core\Campaignr.Core.csproj", "{7959E341-B4D9-4377-B3A9-FA42D3C5F4FB}"
EndProject
Project("{FAE04EC0-301F-11D3-BF4B-00C04F79EFBC}") = "Campaignr.Package", "Campaignr.Package\Campaignr.Package.csproj", "{ADE3BC85-F561-4375-8321-3D41B879966E}"
EndProject
Global
	GlobalSection(SolutionConfigurationPlatforms) = preSolution
		Debug|Any CPU = Debug|Any CPU
		Release|Any CPU = Release|Any CPU
	EndGlobalSection
	GlobalSection(ProjectConfigurationPlatforms) = postSolution
		{F186AFA9-98AB-4320-988E-B664134FFBBE}.Debug|Any CPU.ActiveCfg = Debug|Any CPU
		{F186AFA9-98AB-4320-988E-B664134FFBBE}.Debug|Any CPU.Build.0 = Debug|Any CPU
		{F186AFA9-98AB-4320-988E-B664134FFBBE}.Release|Any CPU.ActiveCfg = Release|Any CPU
		{F186AFA9-98AB-4320-988E-B664134FFBBE}.Release|Any CPU.Build.0 = Release|Any CPU
		{7959E341-B4D9-4377-B3A9-FA42D3C5F4FB}.Debug|Any CPU.ActiveCfg = Debug|Any CPU
		{7959E341-B4D9-4377-B3A9-FA42D3C5F4FB}.Debug|Any CPU.Build.0 = Debug|Any CPU
		{7959E341-B4D9-4377-B3A9-FA42D3C5F4FB}.Release|Any CPU.ActiveCfg = Release|Any CPU
		{7959E341-B4D9-4377-B3A9-FA42D3C5F4FB}.Release|Any CPU.Build.0 = Release|Any CPU
		{ADE3BC85-F561-4375-8321-3D41B879966E}.Debug|Any CPU.ActiveCfg = Debug|Any CPU
		{ADE3BC85-F561-4375-8321-3D41B879966E}.Debug|Any CPU.Build.0 = Debug|Any CPU
		{ADE3BC85-F561-4375-8321-3D41B879966E}.Release|Any CPU.ActiveCfg = Release|Any CPU
		{ADE3BC85-F561-4375-8321-3D41B879966E}.Release|Any CPU.Build.0 = Release|Any CPU
	EndGlobalSection
	GlobalSection(SolutionProperties) = preSolution
		HideSolutionNode = FALSE
	EndGlobalSection
	GlobalSection(ExtensibilityGlobals) = postSolution
		SolutionGuid = {756AD8E0-A145-43D2-9CA7-20F47517F0F5}
	EndGlobalSection
EndGlobal
